
Microsoft Visual Studio Solution File, Format Version 12.00
# Visual Studio Version 16
VisualStudioVersion = 16.0.28922.388
MinimumVisualStudioVersion = 10.0.40219.1
Project("{FAE04EC0-301F-11D3-BF4B-00C04F79EFBC}") = "AcrdPdfOcr", "AcrdPdfOcr\AcrdPdfOcr.csproj", "{8FB1E85A-A7FF-4B05-A365-7CA1BD6E76B0}"
EndProject
Project("{FAE04EC0-301F-11D3-BF4B-00C04F79EFBC}") = "ProcessAcrdFrm", "ProcessAcrdFrm\ProcessAcrdFrm.csproj", "{6F40E656-C373-4656-B332-9F5E098CD0E2}"
EndProject
Project("{FAE04EC0-301F-11D3-BF4B-00C04F79EFBC}") = "AcrdFrmApi", "AcrdFrmApi\AcrdFrmApi.csproj", "{B5F36CFE-6FC1-4181-96AA-7D665F720AD2}"
EndProject
Global
	GlobalSection(SolutionConfigurationPlatforms) = preSolution
		Debug|Any CPU = Debug|Any CPU
		Release|Any CPU = Release|Any CPU
	EndGlobalSection
	GlobalSection(ProjectConfigurationPlatforms) = postSolution
		{8FB1E85A-A7FF-4B05-A365-7CA1BD6E76B0}.Debug|Any CPU.ActiveCfg = Debug|Any CPU
		{8FB1E85A-A7FF-4B05-A365-7CA1BD6E76B0}.Debug|Any CPU.Build.0 = Debug|Any CPU
		{8FB1E85A-A7FF-4B05-A365-7CA1BD6E76B0}.Release|Any CPU.ActiveCfg = Release|Any CPU
		{8FB1E85A-A7FF-4B05-A365-7CA1BD6E76B0}.Release|Any CPU.Build.0 = Release|Any CPU
		{6F40E656-C373-4656-B332-9F5E098CD0E2}.Debug|Any CPU.ActiveCfg = Debug|Any CPU
		{6F40E656-C373-4656-B332-9F5E098CD0E2}.Debug|Any CPU.Build.0 = Debug|Any CPU
		{6F40E656-C373-4656-B332-9F5E098CD0E2}.Release|Any CPU.ActiveCfg = Release|Any CPU
		{6F40E656-C373-4656-B332-9F5E098CD0E2}.Release|Any CPU.Build.0 = Release|Any CPU
		{B5F36CFE-6FC1-4181-96AA-7D665F720AD2}.Debug|Any CPU.ActiveCfg = Debug|Any CPU
		{B5F36CFE-6FC1-4181-96AA-7D665F720AD2}.Debug|Any CPU.Build.0 = Debug|Any CPU
		{B5F36CFE-6FC1-4181-96AA-7D665F720AD2}.Release|Any CPU.ActiveCfg = Release|Any CPU
		{B5F36CFE-6FC1-4181-96AA-7D665F720AD2}.Release|Any CPU.Build.0 = Release|Any CPU
	EndGlobalSection
	GlobalSection(SolutionProperties) = preSolution
		HideSolutionNode = FALSE
	EndGlobalSection
	GlobalSection(ExtensibilityGlobals) = postSolution
		SolutionGuid = {E1012CDB-7F62-406A-A878-4402CEAE12D9}
	EndGlobalSection
EndGlobal
